
Microsoft Visual Studio Solution File, Format Version 12.00
# Visual Studio Version 17
VisualStudioVersion = 17.11.35327.3
MinimumVisualStudioVersion = 10.0.40219.1
Project("{FAE04EC0-301F-11D3-BF4B-00C04F79EFBC}") = "ProjetoAplicacoesMultiplataforma", "ProjetoAplicacoesMultiplataforma.csproj", "{C036B71D-5008-4062-BC53-FDAD510954FE}"
EndProject
Global
	GlobalSection(SolutionConfigurationPlatforms) = preSolution
		Debug|Any CPU = Debug|Any CPU
		Release|Any CPU = Release|Any CPU
	EndGlobalSection
	GlobalSection(ProjectConfigurationPlatforms) = postSolution
		{C036B71D-5008-4062-BC53-FDAD510954FE}.Debug|Any CPU.ActiveCfg = Debug|Any CPU
		{C036B71D-5008-4062-BC53-FDAD510954FE}.Debug|Any CPU.Build.0 = Debug|Any CPU
		{C036B71D-5008-4062-BC53-FDAD510954FE}.Release|Any CPU.ActiveCfg = Release|Any CPU
		{C036B71D-5008-4062-BC53-FDAD510954FE}.Release|Any CPU.Build.0 = Release|Any CPU
	EndGlobalSection
	GlobalSection(SolutionProperties) = preSolution
		HideSolutionNode = FALSE
	EndGlobalSection
	GlobalSection(ExtensibilityGlobals) = postSolution
		SolutionGuid = {0E14A051-5EE2-4660-8AAA-474DF5733883}
	EndGlobalSection
EndGlobal
